// !$*UTF8*$!
{
	archiveVersion = 1;
	classes = {
	};
	objectVersion = 77;
	objects = {

/* Begin PBXContainerItemProxy section */
		7A5B893F2F55E3800083971D /* PBXContainerItemProxy */ = {
			isa = PBXContainerItemProxy;
			containerPortal = 7A5B89202F55E37D0083971D /* Project object */;
			proxyType = 1;
			remoteGlobalIDString = 7A5B89272F55E37D0083971D;
			remoteInfo = BookCatalogue;
		};
		7A5B89492F55E3800083971D /* PBXContainerItemProxy */ = {
			isa = PBXContainerItemProxy;
			containerPortal = 7A5B89202F55E37D0083971D /* Project object */;
			proxyType = 1;
			remoteGlobalIDString = 7A5B89272F55E37D0083971D;
			remoteInfo = BookCatalogue;
		};
/* End PBXContainerItemProxy section */

/* Begin PBXFileReference section */
		7A5B89282F55E37D0083971D /* BookCatalogue.app */ = {isa = PBXFileReference; explicitFileType = wrapper.application; includeInIndex = 0; path = BookCatalogue.app; sourceTree = BUILT_PRODUCTS_DIR; };
		7A5B893E2F55E3800083971D /* BookCatalogueTests.xctest */ = {isa = PBXFileReference; explicitFileType = wrapper.cfbundle; includeInIndex = 0; path = BookCatalogueTests.xctest; sourceTree = BUILT_PRODUCTS_DIR; };
		7A5B89482F55E3800083971D /* BookCatalogueUITests.xctest */ = {isa = PBXFileReference; explicitFileType = wrapper.cfbundle; includeInIndex = 0; path = BookCatalogueUITests.xctest; sourceTree = BUILT_PRODUCTS_DIR; };
/* End PBXFileReference section */

/* Begin PBXFileSystemSynchronizedBuildFileExceptionSet section */
		7A5B89502F55E3800083971D /* Exceptions for "BookCatalogue" folder in "BookCatalogue" target */ = {
			isa = PBXFileSystemSynchronizedBuildFileExceptionSet;
			membershipExceptions = (
				Info.plist,
			);
			target = 7A5B89272F55E37D0083971D /* BookCatalogue */;
		};
/* End PBXFileSystemSynchronizedBuildFileExceptionSet section */

/* Begin PBXFileSystemSynchronizedRootGroup section */
		7A5B892A2F55E37D0083971D /* BookCatalogue */ = {
			isa = PBXFileSystemSynchronizedRootGroup;
			exceptions = (
				7A5B89502F55E3800083971D /* Exceptions for "BookCatalogue" folder in "BookCatalogue" target */,
			);
			path = BookCatalogue;
			sourceTree = "<group>";
		};
		7A5B89412F55E3800083971D /* BookCatalogueTests */ = {
			isa = PBXFileSystemSynchronizedRootGroup;
			path = BookCatalogueTests;
			sourceTree = "<group>";
		};
		7A5B894B2F55E3800083971D /* BookCatalogueUITests */ = {
			isa = PBXFileSystemSynchronizedRootGroup;
			path = BookCatalogueUITests;
			sourceTree = "<group>";
		};
/* End PBXFileSystemSynchronizedRootGroup section */

/* Begin PBXFrameworksBuildPhase section */
		7A5B89252F55E37D0083971D /* Frameworks */ = {
			isa = PBXFrameworksBuildPhase;
			buildActionMask = 2147483647;
			files = (
			);
			runOnlyForDeploymentPostprocessing = 0;
		};
		7A5B893B2F55E3800083971D /* Frameworks */ = {
			isa = PBXFrameworksBuildPhase;
			buildActionMask = 2147483647;
			files = (
			);
			runOnlyForDeploymentPostprocessing = 0;
		};
		7A5B89452F55E3800083971D /* Frameworks */ = {
			isa = PBXFrameworksBuildPhase;
			buildActionMask = 2147483647;
			files = (
			);
			runOnlyForDeploymentPostprocessing = 0;
		};
/* End PBXFrameworksBuildPhase section */

/* Begin PBXGroup section */
		7A5B891F2F55E37D0083971D = {
			isa = PBXGroup;
			children = (
				7A5B892A2F55E37D0083971D /* BookCatalogue */,
				7A5B89412F55E3800083971D /* BookCatalogueTests */,
				7A5B894B2F55E3800083971D /* BookCatalogueUITests */,
				7A5B89292F55E37D0083971D /* Products */,
			);
			sourceTree = "<group>";
		};
		7A5B89292F55E37D0083971D /* Products */ = {
			isa = PBXGroup;
			children = (
				7A5B89282F55E37D0083971D /* BookCatalogue.app */,
				7A5B893E2F55E3800083971D /* BookCatalogueTests.xctest */,
				7A5B89482F55E3800083971D /* BookCatalogueUITests.xctest */,
			);
			name = Products;
			sourceTree = "<group>";
		};
/* End PBXGroup section */

/* Begin PBXNativeTarget section */
		7A5B89272F55E37D0083971D /* BookCatalogue */ = {
			isa = PBXNativeTarget;
			buildConfigurationList = 7A5B89512F55E3800083971D /* Build configuration list for PBXNativeTarget "BookCatalogue" */;
			buildPhases = (
				7A5B89242F55E37D0083971D /* Sources */,
				7A5B89252F55E37D0083971D /* Frameworks */,
				7A5B89262F55E37D0083971D /* Resources */,
			);
			buildRules = (
			);
			dependencies = (
			);
			fileSystemSynchronizedGroups = (
				7A5B892A2F55E37D0083971D /* BookCatalogue */,
			);
			name = BookCatalogue;
			packageProductDependencies = (
			);
			productName = BookCatalogue;
			productReference = 7A5B89282F55E37D0083971D /* BookCatalogue.app */;
			productType = "com.apple.product-type.application";
		};
		7A5B893D2F55E3800083971D /* BookCatalogueTests */ = {
			isa = PBXNativeTarget;
			buildConfigurationList = 7A5B89562F55E3800083971D /* Build configuration list for PBXNativeTarget "BookCatalogueTests" */;
			buildPhases = (
				7A5B893A2F55E3800083971D /* Sources */,
				7A5B893B2F55E3800083971D /* Frameworks */,
				7A5B893C2F55E3800083971D /* Resources */,
			);
			buildRules = (
			);
			dependencies = (
				7A5B89402F55E3800083971D /* PBXTargetDependency */,
			);
			fileSystemSynchronizedGroups = (
				7A5B89412F55E3800083971D /* BookCatalogueTests */,
			);
			name = BookCatalogueTests;
			packageProductDependencies = (
			);
			productName = BookCatalogueTests;
			productReference = 7A5B893E2F55E3800083971D /* BookCatalogueTests.xctest */;
			productType = "com.apple.product-type.bundle.unit-test";
		};
		7A5B89472F55E3800083971D /* BookCatalogueUITests */ = {
			isa = PBXNativeTarget;
			buildConfigurationList = 7A5B89592F55E3800083971D /* Build configuration list for PBXNativeTarget "BookCatalogueUITests" */;
			buildPhases = (
				7A5B89442F55E3800083971D /* Sources */,
				7A5B89452F55E3800083971D /* Frameworks */,
				7A5B89462F55E3800083971D /* Resources */,
			);
			buildRules = (
			);
			dependencies = (
				7A5B894A2F55E3800083971D /* PBXTargetDependency */,
			);
			fileSystemSynchronizedGroups = (
				7A5B894B2F55E3800083971D /* BookCatalogueUITests */,
			);
			name = BookCatalogueUITests;
			packageProductDependencies = (
			);
			productName = BookCatalogueUITests;
			productReference = 7A5B89482F55E3800083971D /* BookCatalogueUITests.xctest */;
			productType = "com.apple.product-type.bundle.ui-testing";
		};
/* End PBXNativeTarget section */

/* Begin PBXProject section */
		7A5B89202F55E37D0083971D /* Project object */ = {
			isa = PBXProject;
			attributes = {
				BuildIndependentTargetsInParallel = 1;
				LastSwiftUpdateCheck = 2620;
				LastUpgradeCheck = 2620;
				TargetAttributes = {
					7A5B89272F55E37D0083971D = {
						CreatedOnToolsVersion = 26.2;
					};
					7A5B893D2F55E3800083971D = {
						CreatedOnToolsVersion = 26.2;
						TestTargetID = 7A5B89272F55E37D0083971D;
					};
					7A5B89472F55E3800083971D = {
						CreatedOnToolsVersion = 26.2;
						TestTargetID = 7A5B89272F55E37D0083971D;
					};
				};
			};
			buildConfigurationList = 7A5B89232F55E37D0083971D /* Build configuration list for PBXProject "BookCatalogue" */;
			developmentRegion = en;
			hasScannedForEncodings = 0;
			knownRegions = (
				en,
				Base,
			);
			mainGroup = 7A5B891F2F55E37D0083971D;
			minimizedProjectReferenceProxies = 1;
			preferredProjectObjectVersion = 77;
			productRefGroup = 7A5B89292F55E37D0083971D /* Products */;
			projectDirPath = "";
			projectRoot = "";
			targets = (
				7A5B89272F55E37D0083971D /* BookCatalogue */,
				7A5B893D2F55E3800083971D /* BookCatalogueTests */,
				7A5B89472F55E3800083971D /* BookCatalogueUITests */,
			);
		};
/* End PBXProject section */

/* Begin PBXResourcesBuildPhase section */
		7A5B89262F55E37D0083971D /* Resources */ = {
			isa = PBXResourcesBuildPhase;
			buildActionMask = 2147483647;
			files = (
			);
			runOnlyForDeploymentPostprocessing = 0;
		};
		7A5B893C2F55E3800083971D /* Resources */ = {
			isa = PBXResourcesBuildPhase;
			buildActionMask = 2147483647;
			files = (
			);
			runOnlyForDeploymentPostprocessing = 0;
		};
		7A5B89462F55E3800083971D /* Resources */ = {
			isa = PBXResourcesBuildPhase;
			buildActionMask = 2147483647;
			files = (
			);
			runOnlyForDeploymentPostprocessing = 0;
		};
/* End PBXResourcesBuildPhase section */

/* Begin PBXSourcesBuildPhase section */
		7A5B89242F55E37D0083971D /* Sources */ = {
			isa = PBXSourcesBuildPhase;
			buildActionMask = 2147483647;
			files = (
			);
			runOnlyForDeploymentPostprocessing = 0;
		};
		7A5B893A2F55E3800083971D /* Sources */ = {
			isa = PBXSourcesBuildPhase;
			buildActionMask = 2147483647;
			files = (
			);
			runOnlyForDeploymentPostprocessing = 0;
		};
		7A5B89442F55E3800083971D /* Sources */ = {
			isa = PBXSourcesBuildPhase;
			buildActionMask = 2147483647;
			files = (
			);
			runOnlyForDeploymentPostprocessing = 0;
		};
/* End PBXSourcesBuildPhase section */

/* Begin PBXTargetDependency section */
		7A5B89402F55E3800083971D /* PBXTargetDependency */ = {
			isa = PBXTargetDependency;
			target = 7A5B89272F55E37D0083971D /* BookCatalogue */;
			targetProxy = 7A5B893F2F55E3800083971D /* PBXContainerItemProxy */;
		};
		7A5B894A2F55E3800083971D /* PBXTargetDependency */ = {
			isa = PBXTargetDependency;
			target = 7A5B89272F55E37D0083971D /* BookCatalogue */;
			targetProxy = 7A5B89492F55E3800083971D /* PBXContainerItemProxy */;
		};
/* End PBXTargetDependency section */

/* Begin XCBuildConfiguration section */
		7A5B89522F55E3800083971D /* Debug */ = {
			isa = XCBuildConfiguration;
			buildSettings = {
				ASSETCATALOG_COMPILER_APPICON_NAME = AppIcon;
				ASSETCATALOG_COMPILER_GLOBAL_ACCENT_COLOR_NAME = AccentColor;
				CODE_SIGN_STYLE = Automatic;
				CURRENT_PROJECT_VERSION = 1;
				DEVELOPMENT_TEAM = 68NV4G5234;
				GENERATE_INFOPLIST_FILE = YES;
				INFOPLIST_FILE = BookCatalogue/Info.plist;
				INFOPLIST_KEY_NSCameraUsageDescription = "Camera will be used to capture barcodes";
				INFOPLIST_KEY_UIApplicationSupportsIndirectInputEvents = YES;
				INFOPLIST_KEY_UILaunchStoryboardName = LaunchScreen;
				INFOPLIST_KEY_UISupportedInterfaceOrientations = UIInterfaceOrientationPortrait;
				LD_RUNPATH_SEARCH_PATHS = (
					"$(inherited)",
					"@executable_path/Frameworks",
				);
				MARKETING_VERSION = 1.0;
				PRODUCT_BUNDLE_IDENTIFIER = com.gordon.BookCatalogue;
				PRODUCT_NAME = "$(TARGET_NAME)";
				STRING_CATALOG_GENERATE_SYMBOLS = YES;
				SWIFT_APPROACHABLE_CONCURRENCY = YES;
				SWIFT_DEFAULT_ACTOR_ISOLATION = MainActor;
				SWIFT_EMIT_LOC_STRINGS = YES;
				SWIFT_UPCOMING_FEATURE_MEMBER_IMPORT_VISIBILITY = YES;
				SWIFT_VERSION = 5.0;
				TARGETED_DEVICE_FAMILY = "1,2";
			};
			name = Debug;
		};
		7A5B89532F55E3800083971D /* Release */ = {
			isa = XCBuildConfiguration;
			buildSettings = {
				ASSETCATALOG_COMPILER_APPICON_NAME = AppIcon;
				ASSETCATALOG_COMPILER_GLOBAL_ACCENT_COLOR_NAME = AccentColor;
				CODE_SIGN_STYLE = Automatic;
				CURRENT_PROJECT_VERSION = 1;
				DEVELOPMENT_TEAM = 68NV4G5234;
				GENERATE_INFOPLIST_FILE = YES;
				INFOPLIST_FILE = BookCatalogue/Info.plist;
				INFOPLIST_KEY_NSCameraUsageDescription = "Camera will be used to capture barcodes";
				INFOPLIST_KEY_UIApplicationSupportsIndirectInputEvents = YES;
				INFOPLIST_KEY_UILaunchStoryboardName = LaunchScreen;
				INFOPLIST_KEY_UISupportedInterfaceOrientations = UIInterfaceOrientationPortrait;
				LD_RUNPATH_SEARCH_PATHS = (
					"$(inherited)",
					"@executable_path/Frameworks",
				);
				MARKETING_VERSION = 1.0;
				PRODUCT_BUNDLE_IDENTIFIER = com.gordon.BookCatalogue;
				PRODUCT_NAME = "$(TARGET_NAME)";
				STRING_CATALOG_GENERATE_SYMBOLS = YES;
				SWIFT_APPROACHABLE_CONCURRENCY = YES;
				SWIFT_DEFAULT_ACTOR_ISOLATION = MainActor;
				SWIFT_EMIT_LOC_STRINGS = YES;
				SWIFT_UPCOMING_FEATURE_MEMBER_IMPORT_VISIBILITY = YES;
				SWIFT_VERSION = 5.0;
				TARGETED_DEVICE_FAMILY = "1,2";
			};
			name = Release;
		};
		7A5B89542F55E3800083971D /* Debug */ = {
			isa = XCBuildConfiguration;
			buildSettings = {
				ALWAYS_SEARCH_USER_PATHS = NO;
				ASSETCATALOG_COMPILER_GENERATE_SWIFT_ASSET_SYMBOL_EXTENSIONS = YES;
				CLANG_ANALYZER_NONNULL = YES;
				CLANG_ANALYZER_NUMBER_OBJECT_CONVERSION = YES_AGGRESSIVE;
				CLANG_CXX_LANGUAGE_STANDARD = "gnu++20";
				CLANG_ENABLE_MODULES = YES;
				CLANG_ENABLE_OBJC_ARC = YES;
				CLANG_ENABLE_OBJC_WEAK = YES;
				CLANG_WARN_BLOCK_CAPTURE_AUTORELEASING = YES;
				CLANG_WARN_BOOL_CONVERSION = YES;
				CLANG_WARN_COMMA = YES;
				CLANG_WARN_CONSTANT_CONVERSION = YES;
				CLANG_WARN_DEPRECATED_OBJC_IMPLEMENTATIONS = YES;
				CLANG_WARN_DIRECT_OBJC_ISA_USAGE = YES_ERROR;
				CLANG_WARN_DOCUMENTATION_COMMENTS = YES;
				CLANG_WARN_EMPTY_BODY = YES;
				CLANG_WARN_ENUM_CONVERSION = YES;
				CLANG_WARN_INFINITE_RECURSION = YES;
				CLANG_WARN_INT_CONVERSION = YES;
				CLANG_WARN_NON_LITERAL_NULL_CONVERSION = YES;
				CLANG_WARN_OBJC_IMPLICIT_RETAIN_SELF = YES;
				CLANG_WARN_OBJC_LITERAL_CONVERSION = YES;
				CLANG_WARN_OBJC_ROOT_CLASS = YES_ERROR;
				CLANG_WARN_QUOTED_INCLUDE_IN_FRAMEWORK_HEADER = YES;
				CLANG_WARN_RANGE_LOOP_ANALYSIS = YES;
				CLANG_WARN_STRICT_PROTOTYPES = YES;
				CLANG_WARN_SUSPICIOUS_MOVE = YES;
				CLANG_WARN_UNGUARDED_AVAILABILITY = YES_AGGRESSIVE;
				CLANG_WARN_UNREACHABLE_CODE = YES;
				CLANG_WARN__DUPLICATE_METHOD_MATCH = YES;
				COPY_PHASE_STRIP = NO;
				DEBUG_INFORMATION_FORMAT = dwarf;
				ENABLE_STRICT_OBJC_MSGSEND = YES;
				ENABLE_TESTABILITY = YES;
				ENABLE_USER_SCRIPT_SANDBOXING = YES;
				GCC_C_LANGUAGE_STANDARD = gnu17;
				GCC_DYNAMIC_NO_PIC = NO;
				GCC_NO_COMMON_BLOCKS = YES;
				GCC_OPTIMIZATION_LEVEL = 0;
				GCC_PREPROCESSOR_DEFINITIONS = (
					"DEBUG=1",
					"$(inherited)",
				);
				GCC_WARN_64_TO_32_BIT_CONVERSION = YES;
				GCC_WARN_ABOUT_RETURN_TYPE = YES_ERROR;
				GCC_WARN_UNDECLARED_SELECTOR = YES;
				GCC_WARN_UNINITIALIZED_AUTOS = YES_AGGRESSIVE;
				GCC_WARN_UNUSED_FUNCTION = YES;
				GCC_WARN_UNUSED_VARIABLE = YES;
				IPHONEOS_DEPLOYMENT_TARGET = 26.2;
				LOCALIZATION_PREFERS_STRING_CATALOGS = YES;
				MTL_ENABLE_DEBUG_INFO = INCLUDE_SOURCE;
				MTL_FAST_MATH = YES;
				ONLY_ACTIVE_ARCH = YES;
				SDKROOT = iphoneos;
				SWIFT_ACTIVE_COMPILATION_CONDITIONS = "DEBUG $(inherited)";
				SWIFT_OPTIMIZATION_LEVEL = "-Onone";
			};
			name = Debug;
		};
		7A5B89552F55E3800083971D /* Release */ = {
			isa = XCBuildConfiguration;
			buildSettings = {
				ALWAYS_SEARCH_USER_PATHS = NO;
				ASSETCATALOG_COMPILER_GENERATE_SWIFT_ASSET_SYMBOL_EXTENSIONS = YES;
				CLANG_ANALYZER_NONNULL = YES;
				CLANG_ANALYZER_NUMBER_OBJECT_CONVERSION = YES_AGGRESSIVE;
				CLANG_CXX_LANGUAGE_STANDARD = "gnu++20";
				CLANG_ENABLE_MODULES = YES;
				CLANG_ENABLE_OBJC_ARC = YES;
				CLANG_ENABLE_OBJC_WEAK = YES;
				CLANG_WARN_BLOCK_CAPTURE_AUTORELEASING = YES;
				CLANG_WARN_BOOL_CONVERSION = YES;
				CLANG_WARN_COMMA = YES;
				CLANG_WARN_CONSTANT_CONVERSION = YES;
				CLANG_WARN_DEPRECATED_OBJC_IMPLEMENTATIONS = YES;
				CLANG_WARN_DIRECT_OBJC_ISA_USAGE = YES_ERROR;
				CLANG_WARN_DOCUMENTATION_COMMENTS = YES;
				CLANG_WARN_EMPTY_BODY = YES;
				CLANG_WARN_ENUM_CONVERSION = YES;
				CLANG_WARN_INFINITE_RECURSION = YES;
				CLANG_WARN_INT_CONVERSION = YES;
				CLANG_WARN_NON_LITERAL_NULL_CONVERSION = YES;
				CLANG_WARN_OBJC_IMPLICIT_RETAIN_SELF = YES;
				CLANG_WARN_OBJC_LITERAL_CONVERSION = YES;
				CLANG_WARN_OBJC_ROOT_CLASS = YES_ERROR;
				CLANG_WARN_QUOTED_INCLUDE_IN_FRAMEWORK_HEADER = YES;
				CLANG_WARN_RANGE_LOOP_ANALYSIS = YES;
				CLANG_WARN_STRICT_PROTOTYPES = YES;
				CLANG_WARN_SUSPICIOUS_MOVE = YES;
				CLANG_WARN_UNGUARDED_AVAILABILITY = YES_AGGRESSIVE;
				CLANG_WARN_UNREACHABLE_CODE = YES;
				CLANG_WARN__DUPLICATE_METHOD_MATCH = YES;
				COPY_PHASE_STRIP = NO;
				DEBUG_INFORMATION_FORMAT = "dwarf-with-dsym";
				ENABLE_NS_ASSERTIONS = NO;
				ENABLE_STRICT_OBJC_MSGSEND = YES;
				ENABLE_USER_SCRIPT_SANDBOXING = YES;
				GCC_C_LANGUAGE_STANDARD = gnu17;
				GCC_NO_COMMON_BLOCKS = YES;
				GCC_WARN_64_TO_32_BIT_CONVERSION = YES;
				GCC_WARN_ABOUT_RETURN_TYPE = YES_ERROR;
				GCC_WARN_UNDECLARED_SELECTOR = YES;
				GCC_WARN_UNINITIALIZED_AUTOS = YES_AGGRESSIVE;
				GCC_WARN_UNUSED_FUNCTION = YES;
				GCC_WARN_UNUSED_VARIABLE = YES;
				IPHONEOS_DEPLOYMENT_TARGET = 26.2;
				LOCALIZATION_PREFERS_STRING_CATALOGS = YES;
				MTL_ENABLE_DEBUG_INFO = NO;
				MTL_FAST_MATH = YES;
				SDKROOT = iphoneos;
				SWIFT_COMPILATION_MODE = wholemodule;
				VALIDATE_PRODUCT = YES;
			};
			name = Release;
		};
		7A5B89572F55E3800083971D /* Debug */ = {
			isa = XCBuildConfiguration;
			buildSettings = {
				BUNDLE_LOADER = "$(TEST_HOST)";
				CODE_SIGN_STYLE = Automatic;
				CURRENT_PROJECT_VERSION = 1;
				GENERATE_INFOPLIST_FILE = YES;
				IPHONEOS_DEPLOYMENT_TARGET = 26.2;
				MARKETING_VERSION = 1.0;
				PRODUCT_BUNDLE_IDENTIFIER = com.gordon.BookCatalogueTests;
				PRODUCT_NAME = "$(TARGET_NAME)";
				STRING_CATALOG_GENERATE_SYMBOLS = NO;
				SWIFT_APPROACHABLE_CONCURRENCY = YES;
				SWIFT_EMIT_LOC_STRINGS = NO;
				SWIFT_UPCOMING_FEATURE_MEMBER_IMPORT_VISIBILITY = YES;
				SWIFT_VERSION = 5.0;
				TARGETED_DEVICE_FAMILY = "1,2";
				TEST_HOST = "$(BUILT_PRODUCTS_DIR)/BookCatalogue.app/$(BUNDLE_EXECUTABLE_FOLDER_PATH)/BookCatalogue";
			};
			name = Debug;
		};
		7A5B89582F55E3800083971D /* Release */ = {
			isa = XCBuildConfiguration;
			buildSettings = {
				BUNDLE_LOADER = "$(TEST_HOST)";
				CODE_SIGN_STYLE = Automatic;
				CURRENT_PROJECT_VERSION = 1;
				GENERATE_INFOPLIST_FILE = YES;
				IPHONEOS_DEPLOYMENT_TARGET = 26.2;
				MARKETING_VERSION = 1.0;
				PRODUCT_BUNDLE_IDENTIFIER = com.gordon.BookCatalogueTests;
				PRODUCT_NAME = "$(TARGET_NAME)";
				STRING_CATALOG_GENERATE_SYMBOLS = NO;
				SWIFT_APPROACHABLE_CONCURRENCY = YES;
				SWIFT_EMIT_LOC_STRINGS = NO;
				SWIFT_UPCOMING_FEATURE_MEMBER_IMPORT_VISIBILITY = YES;
				SWIFT_VERSION = 5.0;
				TARGETED_DEVICE_FAMILY = "1,2";
				TEST_HOST = "$(BUILT_PRODUCTS_DIR)/BookCatalogue.app/$(BUNDLE_EXECUTABLE_FOLDER_PATH)/BookCatalogue";
			};
			name = Release;
		};
		7A5B895A2F55E3800083971D /* Debug */ = {
			isa = XCBuildConfiguration;
			buildSettings = {
				CODE_SIGN_STYLE = Automatic;
				CURRENT_PROJECT_VERSION = 1;
				GENERATE_INFOPLIST_FILE = YES;
				MARKETING_VERSION = 1.0;
				PRODUCT_BUNDLE_IDENTIFIER = com.gordon.BookCatalogueUITests;
				PRODUCT_NAME = "$(TARGET_NAME)";
				STRING_CATALOG_GENERATE_SYMBOLS = NO;
				SWIFT_APPROACHABLE_CONCURRENCY = YES;
				SWIFT_EMIT_LOC_STRINGS = NO;
				SWIFT_UPCOMING_FEATURE_MEMBER_IMPORT_VISIBILITY = YES;
				SWIFT_VERSION = 5.0;
				TARGETED_DEVICE_FAMILY = "1,2";
				TEST_TARGET_NAME = BookCatalogue;
			};
			name = Debug;
		};
		7A5B895B2F55E3800083971D /* Release */ = {
			isa = XCBuildConfiguration;
			buildSettings = {
				CODE_SIGN_STYLE = Automatic;
				CURRENT_PROJECT_VERSION = 1;
				GENERATE_INFOPLIST_FILE = YES;
				MARKETING_VERSION = 1.0;
				PRODUCT_BUNDLE_IDENTIFIER = com.gordon.BookCatalogueUITests;
				PRODUCT_NAME = "$(TARGET_NAME)";
				STRING_CATALOG_GENERATE_SYMBOLS = NO;
				SWIFT_APPROACHABLE_CONCURRENCY = YES;
				SWIFT_EMIT_LOC_STRINGS = NO;
				SWIFT_UPCOMING_FEATURE_MEMBER_IMPORT_VISIBILITY = YES;
				SWIFT_VERSION = 5.0;
				TARGETED_DEVICE_FAMILY = "1,2";
				TEST_TARGET_NAME = BookCatalogue;
			};
			name = Release;
		};
/* End XCBuildConfiguration section */

/* Begin XCConfigurationList section */
		7A5B89232F55E37D0083971D /* Build configuration list for PBXProject "BookCatalogue" */ = {
			isa = XCConfigurationList;
			buildConfigurations = (
				7A5B89542F55E3800083971D /* Debug */,
				7A5B89552F55E3800083971D /* Release */,
			);
			defaultConfigurationIsVisible = 0;
			defaultConfigurationName = Release;
		};
		7A5B89512F55E3800083971D /* Build configuration list for PBXNativeTarget "BookCatalogue" */ = {
			isa = XCConfigurationList;
			buildConfigurations = (
				7A5B89522F55E3800083971D /* Debug */,
				7A5B89532F55E3800083971D /* Release */,
			);
			defaultConfigurationIsVisible = 0;
			defaultConfigurationName = Release;
		};
		7A5B89562F55E3800083971D /* Build configuration list for PBXNativeTarget "BookCatalogueTests" */ = {
			isa = XCConfigurationList;
			buildConfigurations = (
				7A5B89572F55E3800083971D /* Debug */,
				7A5B89582F55E3800083971D /* Release */,
			);
			defaultConfigurationIsVisible = 0;
			defaultConfigurationName = Release;
		};
		7A5B89592F55E3800083971D /* Build configuration list for PBXNativeTarget "BookCatalogueUITests" */ = {
			isa = XCConfigurationList;
			buildConfigurations = (
				7A5B895A2F55E3800083971D /* Debug */,
				7A5B895B2F55E3800083971D /* Release */,
			);
			defaultConfigurationIsVisible = 0;
			defaultConfigurationName = Release;
		};
/* End XCConfigurationList section */
	};
	rootObject = 7A5B89202F55E37D0083971D /* Project object */;
}
